<Solution>
  <Project Path="PeopleVille/PeopleVille.csproj" />
  <Project Path="PeopleVilleBaseVillagers/PeopleVilleBaseVillagers.csproj" />
  <Project Path="PeopleVilleEngine/PeopleVilleEngine.csproj" />
  <Project Path="PeopleVilleVillagerHomeless/PeopleVilleVillagerHomeless.csproj" />
</Solution>
